
Microsoft Visual Studio Solution File, Format Version 12.00
# Visual Studio Version 17
VisualStudioVersion = 17.5.33516.290
MinimumVisualStudioVersion = 10.0.40219.1
Project("{FAE04EC0-301F-11D3-BF4B-00C04F79EFBC}") = "NlogFileDemo", "NlogFileDemo\NlogFileDemo.csproj", "{5F1DD51B-E129-4D4E-A252-40C06AD9B6F0}"
EndProject
Global
	GlobalSection(SolutionConfigurationPlatforms) = preSolution
		Debug|Any CPU = Debug|Any CPU
		Release|Any CPU = Release|Any CPU
	EndGlobalSection
	GlobalSection(ProjectConfigurationPlatforms) = postSolution
		{5F1DD51B-E129-4D4E-A252-40C06AD9B6F0}.Debug|Any CPU.ActiveCfg = Debug|Any CPU
		{5F1DD51B-E129-4D4E-A252-40C06AD9B6F0}.Debug|Any CPU.Build.0 = Debug|Any CPU
		{5F1DD51B-E129-4D4E-A252-40C06AD9B6F0}.Release|Any CPU.ActiveCfg = Release|Any CPU
		{5F1DD51B-E129-4D4E-A252-40C06AD9B6F0}.Release|Any CPU.Build.0 = Release|Any CPU
	EndGlobalSection
	GlobalSection(SolutionProperties) = preSolution
		HideSolutionNode = FALSE
	EndGlobalSection
	GlobalSection(ExtensibilityGlobals) = postSolution
		SolutionGuid = {B8EF3731-90F8-4541-9824-F8549E324039}
	EndGlobalSection
EndGlobal
